// !$*UTF8*$!
{
	archiveVersion = 1;
	classes = {
	};
	objectVersion = 56;
	objects = {

/* Begin PBXBuildFile section */
		5C2BC5742D73F76F002B9169 /* PlaywriteITModerna-VariableFont_wght.ttf in Resources */ = {isa = PBXBuildFile; fileRef = 5C2BC5732D73F76F002B9169 /* PlaywriteITModerna-VariableFont_wght.ttf */; };
		5C2BC5792D751239002B9169 /* DashboardCardView.swift in Sources */ = {isa = PBXBuildFile; fileRef = 5C2BC5782D751239002B9169 /* DashboardCardView.swift */; };
		5C2BC57B2D75126E002B9169 /* HeaderView.swift in Sources */ = {isa = PBXBuildFile; fileRef = 5C2BC57A2D75126E002B9169 /* HeaderView.swift */; };
		5C2BC57D2D751297002B9169 /* InProgressSectionView.swift in Sources */ = {isa = PBXBuildFile; fileRef = 5C2BC57C2D751297002B9169 /* InProgressSectionView.swift */; };
		5C2BC57F2D751304002B9169 /* TaskGroupsView.swift in Sources */ = {isa = PBXBuildFile; fileRef = 5C2BC57E2D751304002B9169 /* TaskGroupsView.swift */; };
		5C2BC5812D751332002B9169 /* Models.swift in Sources */ = {isa = PBXBuildFile; fileRef = 5C2BC5802D751332002B9169 /* Models.swift */; };
		5C2BC5832D7513D9002B9169 /* HomeScreen.swift in Sources */ = {isa = PBXBuildFile; fileRef = 5C2BC5822D7513D9002B9169 /* HomeScreen.swift */; };
		5C2BC5852D7516CB002B9169 /* CalendarScreen.swift in Sources */ = {isa = PBXBuildFile; fileRef = 5C2BC5842D7516CB002B9169 /* CalendarScreen.swift */; };
		5C2BC5872D7516E2002B9169 /* NotesScreen.swift in Sources */ = {isa = PBXBuildFile; fileRef = 5C2BC5862D7516E2002B9169 /* NotesScreen.swift */; };
		5C2BC5892D7516F6002B9169 /* ProfileScreen.swift in Sources */ = {isa = PBXBuildFile; fileRef = 5C2BC5882D7516F6002B9169 /* ProfileScreen.swift */; };
		5C2BC58B2D752325002B9169 /* MainBackgroundView.swift in Sources */ = {isa = PBXBuildFile; fileRef = 5C2BC58A2D752325002B9169 /* MainBackgroundView.swift */; };
		5C5A34A02D79F12B00E1DC92 /* AddTaskScreen.swift in Sources */ = {isa = PBXBuildFile; fileRef = 5C5A349F2D79F12B00E1DC92 /* AddTaskScreen.swift */; };
		5C5B4BA72D6DA8D40038366F /* DoitApp.swift in Sources */ = {isa = PBXBuildFile; fileRef = 5C5B4BA62D6DA8D40038366F /* DoitApp.swift */; };
		5C5B4BA92D6DA8D40038366F /* ContentView.swift in Sources */ = {isa = PBXBuildFile; fileRef = 5C5B4BA82D6DA8D40038366F /* ContentView.swift */; };
		5C5B4BAB2D6DA8D40038366F /* Item.swift in Sources */ = {isa = PBXBuildFile; fileRef = 5C5B4BAA2D6DA8D40038366F /* Item.swift */; };
		5C5B4BAD2D6DA8D60038366F /* Assets.xcassets in Resources */ = {isa = PBXBuildFile; fileRef = 5C5B4BAC2D6DA8D60038366F /* Assets.xcassets */; };
		5C5B4BB02D6DA8D60038366F /* Preview Assets.xcassets in Resources */ = {isa = PBXBuildFile; fileRef = 5C5B4BAF2D6DA8D60038366F /* Preview Assets.xcassets */; };
		5CBB5EC72D7F19810005887F /* AppBarView.swift in Sources */ = {isa = PBXBuildFile; fileRef = 5CBB5EC62D7F19810005887F /* AppBarView.swift */; };
		5CBB5EC92D7F4AEF0005887F /* WelcomeView.swift in Sources */ = {isa = PBXBuildFile; fileRef = 5CBB5EC82D7F4AEF0005887F /* WelcomeView.swift */; };
/* End PBXBuildFile section */

/* Begin PBXFileReference section */
		5C2BC5732D73F76F002B9169 /* PlaywriteITModerna-VariableFont_wght.ttf */ = {isa = PBXFileReference; lastKnownFileType = file; path = "PlaywriteITModerna-VariableFont_wght.ttf"; sourceTree = "<group>"; };
		5C2BC5752D73F861002B9169 /* Info.plist */ = {isa = PBXFileReference; lastKnownFileType = text.plist; path = Info.plist; sourceTree = "<group>"; };
		5C2BC5782D751239002B9169 /* DashboardCardView.swift */ = {isa = PBXFileReference; lastKnownFileType = sourcecode.swift; path = DashboardCardView.swift; sourceTree = "<group>"; };
		5C2BC57A2D75126E002B9169 /* HeaderView.swift */ = {isa = PBXFileReference; lastKnownFileType = sourcecode.swift; path = HeaderView.swift; sourceTree = "<group>"; };
		5C2BC57C2D751297002B9169 /* InProgressSectionView.swift */ = {isa = PBXFileReference; lastKnownFileType = sourcecode.swift; path = InProgressSectionView.swift; sourceTree = "<group>"; };
		5C2BC57E2D751304002B9169 /* TaskGroupsView.swift */ = {isa = PBXFileReference; lastKnownFileType = sourcecode.swift; path = TaskGroupsView.swift; sourceTree = "<group>"; };
		5C2BC5802D751332002B9169 /* Models.swift */ = {isa = PBXFileReference; lastKnownFileType = sourcecode.swift; path = Models.swift; sourceTree = "<group>"; };
		5C2BC5822D7513D9002B9169 /* HomeScreen.swift */ = {isa = PBXFileReference; lastKnownFileType = sourcecode.swift; path = HomeScreen.swift; sourceTree = "<group>"; };
		5C2BC5842D7516CB002B9169 /* CalendarScreen.swift */ = {isa = PBXFileReference; lastKnownFileType = sourcecode.swift; path = CalendarScreen.swift; sourceTree = "<group>"; };
		5C2BC5862D7516E2002B9169 /* NotesScreen.swift */ = {isa = PBXFileReference; lastKnownFileType = sourcecode.swift; path = NotesScreen.swift; sourceTree = "<group>"; };
		5C2BC5882D7516F6002B9169 /* ProfileScreen.swift */ = {isa = PBXFileReference; lastKnownFileType = sourcecode.swift; path = ProfileScreen.swift; sourceTree = "<group>"; };
		5C2BC58A2D752325002B9169 /* MainBackgroundView.swift */ = {isa = PBXFileReference; lastKnownFileType = sourcecode.swift; path = MainBackgroundView.swift; sourceTree = "<group>"; };
		5C5A349F2D79F12B00E1DC92 /* AddTaskScreen.swift */ = {isa = PBXFileReference; lastKnownFileType = sourcecode.swift; path = AddTaskScreen.swift; sourceTree = "<group>"; };
		5C5B4BA32D6DA8D40038366F /* Doit.app */ = {isa = PBXFileReference; explicitFileType = wrapper.application; includeInIndex = 0; path = Doit.app; sourceTree = BUILT_PRODUCTS_DIR; };
		5C5B4BA62D6DA8D40038366F /* DoitApp.swift */ = {isa = PBXFileReference; lastKnownFileType = sourcecode.swift; path = DoitApp.swift; sourceTree = "<group>"; };
		5C5B4BA82D6DA8D40038366F /* ContentView.swift */ = {isa = PBXFileReference; lastKnownFileType = sourcecode.swift; path = ContentView.swift; sourceTree = "<group>"; };
		5C5B4BAA2D6DA8D40038366F /* Item.swift */ = {isa = PBXFileReference; lastKnownFileType = sourcecode.swift; path = Item.swift; sourceTree = "<group>"; };
		5C5B4BAC2D6DA8D60038366F /* Assets.xcassets */ = {isa = PBXFileReference; lastKnownFileType = folder.assetcatalog; path = Assets.xcassets; sourceTree = "<group>"; };
		5C5B4BAF2D6DA8D60038366F /* Preview Assets.xcassets */ = {isa = PBXFileReference; lastKnownFileType = folder.assetcatalog; path = "Preview Assets.xcassets"; sourceTree = "<group>"; };
		5CBB5EC62D7F19810005887F /* AppBarView.swift */ = {isa = PBXFileReference; lastKnownFileType = sourcecode.swift; path = AppBarView.swift; sourceTree = "<group>"; };
		5CBB5EC82D7F4AEF0005887F /* WelcomeView.swift */ = {isa = PBXFileReference; lastKnownFileType = sourcecode.swift; path = WelcomeView.swift; sourceTree = "<group>"; };
/* End PBXFileReference section */

/* Begin PBXFrameworksBuildPhase section */
		5C5B4BA02D6DA8D40038366F /* Frameworks */ = {
			isa = PBXFrameworksBuildPhase;
			buildActionMask = 2147483647;
			files = (
			);
			runOnlyForDeploymentPostprocessing = 0;
		};
/* End PBXFrameworksBuildPhase section */

/* Begin PBXGroup section */
		5C5B4B9A2D6DA8D40038366F = {
			isa = PBXGroup;
			children = (
				5C5B4BA52D6DA8D40038366F /* Doit */,
				5C5B4BA42D6DA8D40038366F /* Products */,
			);
			sourceTree = "<group>";
		};
		5C5B4BA42D6DA8D40038366F /* Products */ = {
			isa = PBXGroup;
			children = (
				5C5B4BA32D6DA8D40038366F /* Doit.app */,
			);
			name = Products;
			sourceTree = "<group>";
		};
		5C5B4BA52D6DA8D40038366F /* Doit */ = {
			isa = PBXGroup;
			children = (
				5CBB5ED22D80403F0005887F /* Notes */,
				5CBB5ED12D8040330005887F /* Profile */,
				5CBB5ED02D80400F0005887F /* Task */,
				5CBB5ECF2D8040050005887F /* Custom */,
				5CBB5ECD2D803F4F0005887F /* Model */,
				5CBB5ECC2D803F140005887F /* Calendar */,
				5CBB5ECB2D803EEF0005887F /* Home */,
				5CBB5ECA2D803ED50005887F /* Onboarding */,
				5C2BC5752D73F861002B9169 /* Info.plist */,
				5C5B4BA62D6DA8D40038366F /* DoitApp.swift */,
				5C5B4BA82D6DA8D40038366F /* ContentView.swift */,
				5C5B4BAC2D6DA8D60038366F /* Assets.xcassets */,
				5C2BC5732D73F76F002B9169 /* PlaywriteITModerna-VariableFont_wght.ttf */,
				5C5B4BAE2D6DA8D60038366F /* Preview Content */,
			);
			path = Doit;
			sourceTree = "<group>";
		};
		5C5B4BAE2D6DA8D60038366F /* Preview Content */ = {
			isa = PBXGroup;
			children = (
				5C5B4BAF2D6DA8D60038366F /* Preview Assets.xcassets */,
			);
			path = "Preview Content";
			sourceTree = "<group>";
		};
		5CBB5ECA2D803ED50005887F /* Onboarding */ = {
			isa = PBXGroup;
			children = (
				5CBB5EC82D7F4AEF0005887F /* WelcomeView.swift */,
			);
			path = Onboarding;
			sourceTree = "<group>";
		};
		5CBB5ECB2D803EEF0005887F /* Home */ = {
			isa = PBXGroup;
			children = (
				5C2BC57E2D751304002B9169 /* TaskGroupsView.swift */,
				5C2BC57C2D751297002B9169 /* InProgressSectionView.swift */,
				5C2BC5782D751239002B9169 /* DashboardCardView.swift */,
				5C2BC5822D7513D9002B9169 /* HomeScreen.swift */,
			);
			path = Home;
			sourceTree = "<group>";
		};
		5CBB5ECC2D803F140005887F /* Calendar */ = {
			isa = PBXGroup;
			children = (
				5C2BC5842D7516CB002B9169 /* CalendarScreen.swift */,
			);
			path = Calendar;
			sourceTree = "<group>";
		};
		5CBB5ECD2D803F4F0005887F /* Model */ = {
			isa = PBXGroup;
			children = (
				5C5B4BAA2D6DA8D40038366F /* Item.swift */,
				5C2BC5802D751332002B9169 /* Models.swift */,
			);
			path = Model;
			sourceTree = "<group>";
		};
		5CBB5ECF2D8040050005887F /* Custom */ = {
			isa = PBXGroup;
			children = (
				5C2BC57A2D75126E002B9169 /* HeaderView.swift */,
				5C2BC58A2D752325002B9169 /* MainBackgroundView.swift */,
				5CBB5EC62D7F19810005887F /* AppBarView.swift */,
			);
			path = Custom;
			sourceTree = "<group>";
		};
		5CBB5ED02D80400F0005887F /* Task */ = {
			isa = PBXGroup;
			children = (
				5C5A349F2D79F12B00E1DC92 /* AddTaskScreen.swift */,
			);
			path = Task;
			sourceTree = "<group>";
		};
		5CBB5ED12D8040330005887F /* Profile */ = {
			isa = PBXGroup;
			children = (
				5C2BC5882D7516F6002B9169 /* ProfileScreen.swift */,
			);
			path = Profile;
			sourceTree = "<group>";
		};
		5CBB5ED22D80403F0005887F /* Notes */ = {
			isa = PBXGroup;
			children = (
				5C2BC5862D7516E2002B9169 /* NotesScreen.swift */,
			);
			path = Notes;
			sourceTree = "<group>";
		};
/* End PBXGroup section */

/* Begin PBXNativeTarget section */
		5C5B4BA22D6DA8D40038366F /* Doit */ = {
			isa = PBXNativeTarget;
			buildConfigurationList = 5C5B4BB32D6DA8D60038366F /* Build configuration list for PBXNativeTarget "Doit" */;
			buildPhases = (
				5C5B4B9F2D6DA8D40038366F /* Sources */,
				5C5B4BA02D6DA8D40038366F /* Frameworks */,
				5C5B4BA12D6DA8D40038366F /* Resources */,
			);
			buildRules = (
			);
			dependencies = (
			);
			name = Doit;
			productName = Doit;
			productReference = 5C5B4BA32D6DA8D40038366F /* Doit.app */;
			productType = "com.apple.product-type.application";
		};
/* End PBXNativeTarget section */

/* Begin PBXProject section */
		5C5B4B9B2D6DA8D40038366F /* Project object */ = {
			isa = PBXProject;
			attributes = {
				BuildIndependentTargetsInParallel = 1;
				LastSwiftUpdateCheck = 1540;
				LastUpgradeCheck = 1540;
				TargetAttributes = {
					5C5B4BA22D6DA8D40038366F = {
						CreatedOnToolsVersion = 15.4;
					};
				};
			};
			buildConfigurationList = 5C5B4B9E2D6DA8D40038366F /* Build configuration list for PBXProject "Doit" */;
			compatibilityVersion = "Xcode 14.0";
			developmentRegion = en;
			hasScannedForEncodings = 0;
			knownRegions = (
				en,
				Base,
			);
			mainGroup = 5C5B4B9A2D6DA8D40038366F;
			productRefGroup = 5C5B4BA42D6DA8D40038366F /* Products */;
			projectDirPath = "";
			projectRoot = "";
			targets = (
				5C5B4BA22D6DA8D40038366F /* Doit */,
			);
		};
/* End PBXProject section */

/* Begin PBXResourcesBuildPhase section */
		5C5B4BA12D6DA8D40038366F /* Resources */ = {
			isa = PBXResourcesBuildPhase;
			buildActionMask = 2147483647;
			files = (
				5C2BC5742D73F76F002B9169 /* PlaywriteITModerna-VariableFont_wght.ttf in Resources */,
				5C5B4BB02D6DA8D60038366F /* Preview Assets.xcassets in Resources */,
				5C5B4BAD2D6DA8D60038366F /* Assets.xcassets in Resources */,
			);
			runOnlyForDeploymentPostprocessing = 0;
		};
/* End PBXResourcesBuildPhase section */

/* Begin PBXSourcesBuildPhase section */
		5C5B4B9F2D6DA8D40038366F /* Sources */ = {
			isa = PBXSourcesBuildPhase;
			buildActionMask = 2147483647;
			files = (
				5C2BC5852D7516CB002B9169 /* CalendarScreen.swift in Sources */,
				5C5A34A02D79F12B00E1DC92 /* AddTaskScreen.swift in Sources */,
				5C2BC5832D7513D9002B9169 /* HomeScreen.swift in Sources */,
				5C2BC58B2D752325002B9169 /* MainBackgroundView.swift in Sources */,
				5C2BC57B2D75126E002B9169 /* HeaderView.swift in Sources */,
				5C5B4BA92D6DA8D40038366F /* ContentView.swift in Sources */,
				5C2BC5892D7516F6002B9169 /* ProfileScreen.swift in Sources */,
				5C5B4BAB2D6DA8D40038366F /* Item.swift in Sources */,
				5C2BC5812D751332002B9169 /* Models.swift in Sources */,
				5C2BC5872D7516E2002B9169 /* NotesScreen.swift in Sources */,
				5C2BC57D2D751297002B9169 /* InProgressSectionView.swift in Sources */,
				5C5B4BA72D6DA8D40038366F /* DoitApp.swift in Sources */,
				5C2BC57F2D751304002B9169 /* TaskGroupsView.swift in Sources */,
				5CBB5EC92D7F4AEF0005887F /* WelcomeView.swift in Sources */,
				5C2BC5792D751239002B9169 /* DashboardCardView.swift in Sources */,
				5CBB5EC72D7F19810005887F /* AppBarView.swift in Sources */,
			);
			runOnlyForDeploymentPostprocessing = 0;
		};
/* End PBXSourcesBuildPhase section */

/* Begin XCBuildConfiguration section */
		5C5B4BB12D6DA8D60038366F /* Debug */ = {
			isa = XCBuildConfiguration;
			buildSettings = {
				ALWAYS_SEARCH_USER_PATHS = NO;
				ASSETCATALOG_COMPILER_GENERATE_SWIFT_ASSET_SYMBOL_EXTENSIONS = YES;
				CLANG_ANALYZER_NONNULL = YES;
				CLANG_ANALYZER_NUMBER_OBJECT_CONVERSION = YES_AGGRESSIVE;
				CLANG_CXX_LANGUAGE_STANDARD = "gnu++20";
				CLANG_ENABLE_MODULES = YES;
				CLANG_ENABLE_OBJC_ARC = YES;
				CLANG_ENABLE_OBJC_WEAK = YES;
				CLANG_WARN_BLOCK_CAPTURE_AUTORELEASING = YES;
				CLANG_WARN_BOOL_CONVERSION = YES;
				CLANG_WARN_COMMA = YES;
				CLANG_WARN_CONSTANT_CONVERSION = YES;
				CLANG_WARN_DEPRECATED_OBJC_IMPLEMENTATIONS = YES;
				CLANG_WARN_DIRECT_OBJC_ISA_USAGE = YES_ERROR;
				CLANG_WARN_DOCUMENTATION_COMMENTS = YES;
				CLANG_WARN_EMPTY_BODY = YES;
				CLANG_WARN_ENUM_CONVERSION = YES;
				CLANG_WARN_INFINITE_RECURSION = YES;
				CLANG_WARN_INT_CONVERSION = YES;
				CLANG_WARN_NON_LITERAL_NULL_CONVERSION = YES;
				CLANG_WARN_OBJC_IMPLICIT_RETAIN_SELF = YES;
				CLANG_WARN_OBJC_LITERAL_CONVERSION = YES;
				CLANG_WARN_OBJC_ROOT_CLASS = YES_ERROR;
				CLANG_WARN_QUOTED_INCLUDE_IN_FRAMEWORK_HEADER = YES;
				CLANG_WARN_RANGE_LOOP_ANALYSIS = YES;
				CLANG_WARN_STRICT_PROTOTYPES = YES;
				CLANG_WARN_SUSPICIOUS_MOVE = YES;
				CLANG_WARN_UNGUARDED_AVAILABILITY = YES_AGGRESSIVE;
				CLANG_WARN_UNREACHABLE_CODE = YES;
				CLANG_WARN__DUPLICATE_METHOD_MATCH = YES;
				COPY_PHASE_STRIP = NO;
				DEBUG_INFORMATION_FORMAT = dwarf;
				ENABLE_STRICT_OBJC_MSGSEND = YES;
				ENABLE_TESTABILITY = YES;
				ENABLE_USER_SCRIPT_SANDBOXING = YES;
				GCC_C_LANGUAGE_STANDARD = gnu17;
				GCC_DYNAMIC_NO_PIC = NO;
				GCC_NO_COMMON_BLOCKS = YES;
				GCC_OPTIMIZATION_LEVEL = 0;
				GCC_PREPROCESSOR_DEFINITIONS = (
					"DEBUG=1",
					"$(inherited)",
				);
				GCC_WARN_64_TO_32_BIT_CONVERSION = YES;
				GCC_WARN_ABOUT_RETURN_TYPE = YES_ERROR;
				GCC_WARN_UNDECLARED_SELECTOR = YES;
				GCC_WARN_UNINITIALIZED_AUTOS = YES_AGGRESSIVE;
				GCC_WARN_UNUSED_FUNCTION = YES;
				GCC_WARN_UNUSED_VARIABLE = YES;
				IPHONEOS_DEPLOYMENT_TARGET = 17.5;
				LOCALIZATION_PREFERS_STRING_CATALOGS = YES;
				MTL_ENABLE_DEBUG_INFO = INCLUDE_SOURCE;
				MTL_FAST_MATH = YES;
				ONLY_ACTIVE_ARCH = YES;
				SDKROOT = iphoneos;
				SWIFT_ACTIVE_COMPILATION_CONDITIONS = "DEBUG $(inherited)";
				SWIFT_OPTIMIZATION_LEVEL = "-Onone";
			};
			name = Debug;
		};
		5C5B4BB22D6DA8D60038366F /* Release */ = {
			isa = XCBuildConfiguration;
			buildSettings = {
				ALWAYS_SEARCH_USER_PATHS = NO;
				ASSETCATALOG_COMPILER_GENERATE_SWIFT_ASSET_SYMBOL_EXTENSIONS = YES;
				CLANG_ANALYZER_NONNULL = YES;
				CLANG_ANALYZER_NUMBER_OBJECT_CONVERSION = YES_AGGRESSIVE;
				CLANG_CXX_LANGUAGE_STANDARD = "gnu++20";
				CLANG_ENABLE_MODULES = YES;
				CLANG_ENABLE_OBJC_ARC = YES;
				CLANG_ENABLE_OBJC_WEAK = YES;
				CLANG_WARN_BLOCK_CAPTURE_AUTORELEASING = YES;
				CLANG_WARN_BOOL_CONVERSION = YES;
				CLANG_WARN_COMMA = YES;
				CLANG_WARN_CONSTANT_CONVERSION = YES;
				CLANG_WARN_DEPRECATED_OBJC_IMPLEMENTATIONS = YES;
				CLANG_WARN_DIRECT_OBJC_ISA_USAGE = YES_ERROR;
				CLANG_WARN_DOCUMENTATION_COMMENTS = YES;
				CLANG_WARN_EMPTY_BODY = YES;
				CLANG_WARN_ENUM_CONVERSION = YES;
				CLANG_WARN_INFINITE_RECURSION = YES;
				CLANG_WARN_INT_CONVERSION = YES;
				CLANG_WARN_NON_LITERAL_NULL_CONVERSION = YES;
				CLANG_WARN_OBJC_IMPLICIT_RETAIN_SELF = YES;
				CLANG_WARN_OBJC_LITERAL_CONVERSION = YES;
				CLANG_WARN_OBJC_ROOT_CLASS = YES_ERROR;
				CLANG_WARN_QUOTED_INCLUDE_IN_FRAMEWORK_HEADER = YES;
				CLANG_WARN_RANGE_LOOP_ANALYSIS = YES;
				CLANG_WARN_STRICT_PROTOTYPES = YES;
				CLANG_WARN_SUSPICIOUS_MOVE = YES;
				CLANG_WARN_UNGUARDED_AVAILABILITY = YES_AGGRESSIVE;
				CLANG_WARN_UNREACHABLE_CODE = YES;
				CLANG_WARN__DUPLICATE_METHOD_MATCH = YES;
				COPY_PHASE_STRIP = NO;
				DEBUG_INFORMATION_FORMAT = "dwarf-with-dsym";
				ENABLE_NS_ASSERTIONS = NO;
				ENABLE_STRICT_OBJC_MSGSEND = YES;
				ENABLE_USER_SCRIPT_SANDBOXING = YES;
				GCC_C_LANGUAGE_STANDARD = gnu17;
				GCC_NO_COMMON_BLOCKS = YES;
				GCC_WARN_64_TO_32_BIT_CONVERSION = YES;
				GCC_WARN_ABOUT_RETURN_TYPE = YES_ERROR;
				GCC_WARN_UNDECLARED_SELECTOR = YES;
				GCC_WARN_UNINITIALIZED_AUTOS = YES_AGGRESSIVE;
				GCC_WARN_UNUSED_FUNCTION = YES;
				GCC_WARN_UNUSED_VARIABLE = YES;
				IPHONEOS_DEPLOYMENT_TARGET = 17.5;
				LOCALIZATION_PREFERS_STRING_CATALOGS = YES;
				MTL_ENABLE_DEBUG_INFO = NO;
				MTL_FAST_MATH = YES;
				SDKROOT = iphoneos;
				SWIFT_COMPILATION_MODE = wholemodule;
				VALIDATE_PRODUCT = YES;
			};
			name = Release;
		};
		5C5B4BB42D6DA8D60038366F /* Debug */ = {
			isa = XCBuildConfiguration;
			buildSettings = {
				ASSETCATALOG_COMPILER_APPICON_NAME = AppIcon;
				ASSETCATALOG_COMPILER_GLOBAL_ACCENT_COLOR_NAME = AccentColor;
				CODE_SIGN_STYLE = Automatic;
				CURRENT_PROJECT_VERSION = 1;
				DEVELOPMENT_ASSET_PATHS = "\"Doit/Preview Content\"";
				DEVELOPMENT_TEAM = 67RPW54Z4R;
				ENABLE_PREVIEWS = YES;
				GENERATE_INFOPLIST_FILE = YES;
				INFOPLIST_FILE = Doit/Info.plist;
				INFOPLIST_KEY_UIApplicationSceneManifest_Generation = YES;
				INFOPLIST_KEY_UIApplicationSupportsIndirectInputEvents = YES;
				INFOPLIST_KEY_UILaunchScreen_Generation = YES;
				INFOPLIST_KEY_UISupportedInterfaceOrientations_iPad = "UIInterfaceOrientationPortrait UIInterfaceOrientationPortraitUpsideDown UIInterfaceOrientationLandscapeLeft UIInterfaceOrientationLandscapeRight";
				INFOPLIST_KEY_UISupportedInterfaceOrientations_iPhone = "UIInterfaceOrientationPortrait UIInterfaceOrientationLandscapeLeft UIInterfaceOrientationLandscapeRight";
				LD_RUNPATH_SEARCH_PATHS = (
					"$(inherited)",
					"@executable_path/Frameworks",
				);
				MARKETING_VERSION = 1.0;
				PRODUCT_BUNDLE_IDENTIFIER = com.devhassan.Doit;
				PRODUCT_NAME = "$(TARGET_NAME)";
				SWIFT_EMIT_LOC_STRINGS = YES;
				SWIFT_VERSION = 5.0;
				TARGETED_DEVICE_FAMILY = "1,2";
			};
			name = Debug;
		};
		5C5B4BB52D6DA8D60038366F /* Release */ = {
			isa = XCBuildConfiguration;
			buildSettings = {
				ASSETCATALOG_COMPILER_APPICON_NAME = AppIcon;
				ASSETCATALOG_COMPILER_GLOBAL_ACCENT_COLOR_NAME = AccentColor;
				CODE_SIGN_STYLE = Automatic;
				CURRENT_PROJECT_VERSION = 1;
				DEVELOPMENT_ASSET_PATHS = "\"Doit/Preview Content\"";
				DEVELOPMENT_TEAM = 67RPW54Z4R;
				ENABLE_PREVIEWS = YES;
				GENERATE_INFOPLIST_FILE = YES;
				INFOPLIST_FILE = Doit/Info.plist;
				INFOPLIST_KEY_UIApplicationSceneManifest_Generation = YES;
				INFOPLIST_KEY_UIApplicationSupportsIndirectInputEvents = YES;
				INFOPLIST_KEY_UILaunchScreen_Generation = YES;
				INFOPLIST_KEY_UISupportedInterfaceOrientations_iPad = "UIInterfaceOrientationPortrait UIInterfaceOrientationPortraitUpsideDown UIInterfaceOrientationLandscapeLeft UIInterfaceOrientationLandscapeRight";
				INFOPLIST_KEY_UISupportedInterfaceOrientations_iPhone = "UIInterfaceOrientationPortrait UIInterfaceOrientationLandscapeLeft UIInterfaceOrientationLandscapeRight";
				LD_RUNPATH_SEARCH_PATHS = (
					"$(inherited)",
					"@executable_path/Frameworks",
				);
				MARKETING_VERSION = 1.0;
				PRODUCT_BUNDLE_IDENTIFIER = com.devhassan.Doit;
				PRODUCT_NAME = "$(TARGET_NAME)";
				SWIFT_EMIT_LOC_STRINGS = YES;
				SWIFT_VERSION = 5.0;
				TARGETED_DEVICE_FAMILY = "1,2";
			};
			name = Release;
		};
/* End XCBuildConfiguration section */

/* Begin XCConfigurationList section */
		5C5B4B9E2D6DA8D40038366F /* Build configuration list for PBXProject "Doit" */ = {
			isa = XCConfigurationList;
			buildConfigurations = (
				5C5B4BB12D6DA8D60038366F /* Debug */,
				5C5B4BB22D6DA8D60038366F /* Release */,
			);
			defaultConfigurationIsVisible = 0;
			defaultConfigurationName = Release;
		};
		5C5B4BB32D6DA8D60038366F /* Build configuration list for PBXNativeTarget "Doit" */ = {
			isa = XCConfigurationList;
			buildConfigurations = (
				5C5B4BB42D6DA8D60038366F /* Debug */,
				5C5B4BB52D6DA8D60038366F /* Release */,
			);
			defaultConfigurationIsVisible = 0;
			defaultConfigurationName = Release;
		};
/* End XCConfigurationList section */
	};
	rootObject = 5C5B4B9B2D6DA8D40038366F /* Project object */;
}
